
Microsoft Visual Studio Solution File, Format Version 12.00
# Visual Studio Version 17
VisualStudioVersion = 17.6.33815.320
MinimumVisualStudioVersion = 10.0.40219.1
Project("{FAE04EC0-301F-11D3-BF4B-00C04F79EFBC}") = "WebApplication1", "WebApplication1\WebApplication1.csproj", "{3F132797-82F0-46B1-8C55-EBB3AD7D6C72}"
EndProject
Global
	GlobalSection(SolutionConfigurationPlatforms) = preSolution
		Debug|Any CPU = Debug|Any CPU
		Release|Any CPU = Release|Any CPU
	EndGlobalSection
	GlobalSection(ProjectConfigurationPlatforms) = postSolution
		{3F132797-82F0-46B1-8C55-EBB3AD7D6C72}.Debug|Any CPU.ActiveCfg = Debug|Any CPU
		{3F132797-82F0-46B1-8C55-EBB3AD7D6C72}.Debug|Any CPU.Build.0 = Debug|Any CPU
		{3F132797-82F0-46B1-8C55-EBB3AD7D6C72}.Release|Any CPU.ActiveCfg = Release|Any CPU
		{3F132797-82F0-46B1-8C55-EBB3AD7D6C72}.Release|Any CPU.Build.0 = Release|Any CPU
	EndGlobalSection
	GlobalSection(SolutionProperties) = preSolution
		HideSolutionNode = FALSE
	EndGlobalSection
	GlobalSection(ExtensibilityGlobals) = postSolution
		SolutionGuid = {9B918C19-DB42-47A4-A142-F184E832FFAF}
	EndGlobalSection
EndGlobal
